// !$*UTF8*$!
{
	archiveVersion = 1;
	classes = {
	};
	objectVersion = 50;
	objects = {

/* Begin PBXBuildFile section */
		793CCB24212D54BF005D07F5 /* AppType.swift in Sources */ = {isa = PBXBuildFile; fileRef = 793CCB23212D54BF005D07F5 /* AppType.swift */; };
		797AD5AB2127E496006D50E3 /* AppDelegate.swift in Sources */ = {isa = PBXBuildFile; fileRef = 797AD5AA2127E496006D50E3 /* AppDelegate.swift */; };
		797AD5AD2127E497006D50E3 /* ViewController.swift in Sources */ = {isa = PBXBuildFile; fileRef = 797AD5AC2127E497006D50E3 /* ViewController.swift */; };
		797AD5B02127E497006D50E3 /* Main.storyboard in Resources */ = {isa = PBXBuildFile; fileRef = 797AD5AE2127E497006D50E3 /* Main.storyboard */; };
		797AD5B22127E49A006D50E3 /* Assets.xcassets in Resources */ = {isa = PBXBuildFile; fileRef = 797AD5B12127E49A006D50E3 /* Assets.xcassets */; };
		797AD5B52127E49A006D50E3 /* LaunchScreen.storyboard in Resources */ = {isa = PBXBuildFile; fileRef = 797AD5B32127E49A006D50E3 /* LaunchScreen.storyboard */; };
		ABBC06484CAF2F613549BD77 /* Pods_BookingLayout.framework in Frameworks */ = {isa = PBXBuildFile; fileRef = 671E9B96A4B153D485B35568 /* Pods_BookingLayout.framework */; };
/* End PBXBuildFile section */

/* Begin PBXFileReference section */
		29EE44557B507394BF5FA93C /* Pods-BookingLayout.release pro.xcconfig */ = {isa = PBXFileReference; includeInIndex = 1; lastKnownFileType = text.xcconfig; name = "Pods-BookingLayout.release pro.xcconfig"; path = "Pods/Target Support Files/Pods-BookingLayout/Pods-BookingLayout.release pro.xcconfig"; sourceTree = "<group>"; };
		671E9B96A4B153D485B35568 /* Pods_BookingLayout.framework */ = {isa = PBXFileReference; explicitFileType = wrapper.framework; includeInIndex = 0; path = Pods_BookingLayout.framework; sourceTree = BUILT_PRODUCTS_DIR; };
		6AA2D57AE728808170F3ACF8 /* Pods-BookingLayout.release.xcconfig */ = {isa = PBXFileReference; includeInIndex = 1; lastKnownFileType = text.xcconfig; name = "Pods-BookingLayout.release.xcconfig"; path = "Pods/Target Support Files/Pods-BookingLayout/Pods-BookingLayout.release.xcconfig"; sourceTree = "<group>"; };
		793CCB23212D54BF005D07F5 /* AppType.swift */ = {isa = PBXFileReference; lastKnownFileType = sourcecode.swift; path = AppType.swift; sourceTree = "<group>"; };
		797AD5A72127E496006D50E3 /* Booking App.app */ = {isa = PBXFileReference; explicitFileType = wrapper.application; includeInIndex = 0; path = "Booking App.app"; sourceTree = BUILT_PRODUCTS_DIR; };
		797AD5AA2127E496006D50E3 /* AppDelegate.swift */ = {isa = PBXFileReference; lastKnownFileType = sourcecode.swift; path = AppDelegate.swift; sourceTree = "<group>"; };
		797AD5AC2127E497006D50E3 /* ViewController.swift */ = {isa = PBXFileReference; lastKnownFileType = sourcecode.swift; path = ViewController.swift; sourceTree = "<group>"; };
		797AD5AF2127E497006D50E3 /* Base */ = {isa = PBXFileReference; lastKnownFileType = file.storyboard; name = Base; path = Base.lproj/Main.storyboard; sourceTree = "<group>"; };
		797AD5B12127E49A006D50E3 /* Assets.xcassets */ = {isa = PBXFileReference; lastKnownFileType = folder.assetcatalog; path = Assets.xcassets; sourceTree = "<group>"; };
		797AD5B42127E49A006D50E3 /* Base */ = {isa = PBXFileReference; lastKnownFileType = file.storyboard; name = Base; path = Base.lproj/LaunchScreen.storyboard; sourceTree = "<group>"; };
		797AD5B62127E49A006D50E3 /* Info.plist */ = {isa = PBXFileReference; lastKnownFileType = text.plist.xml; path = Info.plist; sourceTree = "<group>"; };
		B0EF7B4574D9A955048E226D /* Pods-BookingLayout.debug pro.xcconfig */ = {isa = PBXFileReference; includeInIndex = 1; lastKnownFileType = text.xcconfig; name = "Pods-BookingLayout.debug pro.xcconfig"; path = "Pods/Target Support Files/Pods-BookingLayout/Pods-BookingLayout.debug pro.xcconfig"; sourceTree = "<group>"; };
		EB73F0DC116D936371919D1D /* Pods-BookingLayout.debug.xcconfig */ = {isa = PBXFileReference; includeInIndex = 1; lastKnownFileType = text.xcconfig; name = "Pods-BookingLayout.debug.xcconfig"; path = "Pods/Target Support Files/Pods-BookingLayout/Pods-BookingLayout.debug.xcconfig"; sourceTree = "<group>"; };
/* End PBXFileReference section */

/* Begin PBXFrameworksBuildPhase section */
		797AD5A42127E496006D50E3 /* Frameworks */ = {
			isa = PBXFrameworksBuildPhase;
			buildActionMask = 2147483647;
			files = (
				ABBC06484CAF2F613549BD77 /* Pods_BookingLayout.framework in Frameworks */,
			);
			runOnlyForDeploymentPostprocessing = 0;
		};
/* End PBXFrameworksBuildPhase section */

/* Begin PBXGroup section */
		03E0CDC59521EA865A834203 /* Pods */ = {
			isa = PBXGroup;
			children = (
				EB73F0DC116D936371919D1D /* Pods-BookingLayout.debug.xcconfig */,
				6AA2D57AE728808170F3ACF8 /* Pods-BookingLayout.release.xcconfig */,
				B0EF7B4574D9A955048E226D /* Pods-BookingLayout.debug pro.xcconfig */,
				29EE44557B507394BF5FA93C /* Pods-BookingLayout.release pro.xcconfig */,
			);
			name = Pods;
			sourceTree = "<group>";
		};
		797AD59E2127E496006D50E3 = {
			isa = PBXGroup;
			children = (
				797AD5A92127E496006D50E3 /* BookingLayout */,
				797AD5A82127E496006D50E3 /* Products */,
				03E0CDC59521EA865A834203 /* Pods */,
				EA249E0177A2EB53157AC10E /* Frameworks */,
			);
			sourceTree = "<group>";
		};
		797AD5A82127E496006D50E3 /* Products */ = {
			isa = PBXGroup;
			children = (
				797AD5A72127E496006D50E3 /* Booking App.app */,
			);
			name = Products;
			sourceTree = "<group>";
		};
		797AD5A92127E496006D50E3 /* BookingLayout */ = {
			isa = PBXGroup;
			children = (
				797AD5B62127E49A006D50E3 /* Info.plist */,
				797AD5AA2127E496006D50E3 /* AppDelegate.swift */,
				793CCB23212D54BF005D07F5 /* AppType.swift */,
				797AD5AC2127E497006D50E3 /* ViewController.swift */,
				797AD5B12127E49A006D50E3 /* Assets.xcassets */,
				797AD5B32127E49A006D50E3 /* LaunchScreen.storyboard */,
				797AD5AE2127E497006D50E3 /* Main.storyboard */,
			);
			path = BookingLayout;
			sourceTree = "<group>";
		};
		EA249E0177A2EB53157AC10E /* Frameworks */ = {
			isa = PBXGroup;
			children = (
				671E9B96A4B153D485B35568 /* Pods_BookingLayout.framework */,
			);
			name = Frameworks;
			sourceTree = "<group>";
		};
/* End PBXGroup section */

/* Begin PBXNativeTarget section */
		797AD5A62127E496006D50E3 /* BookingLayout */ = {
			isa = PBXNativeTarget;
			buildConfigurationList = 797AD5B92127E49A006D50E3 /* Build configuration list for PBXNativeTarget "BookingLayout" */;
			buildPhases = (
				2F06658D5D5427D45C15F49C /* [CP] Check Pods Manifest.lock */,
				797AD5A32127E496006D50E3 /* Sources */,
				797AD5A42127E496006D50E3 /* Frameworks */,
				797AD5A52127E496006D50E3 /* Resources */,
				0E62A621764D9A1CAD8CA525 /* [CP] Embed Pods Frameworks */,
			);
			buildRules = (
			);
			dependencies = (
			);
			name = BookingLayout;
			productName = BookingLayout;
			productReference = 797AD5A72127E496006D50E3 /* Booking App.app */;
			productType = "com.apple.product-type.application";
		};
/* End PBXNativeTarget section */

/* Begin PBXProject section */
		797AD59F2127E496006D50E3 /* Project object */ = {
			isa = PBXProject;
			attributes = {
				LastSwiftUpdateCheck = 0940;
				LastUpgradeCheck = 0940;
				ORGANIZATIONNAME = "Lonely Box";
				TargetAttributes = {
					797AD5A62127E496006D50E3 = {
						CreatedOnToolsVersion = 9.4.1;
					};
				};
			};
			buildConfigurationList = 797AD5A22127E496006D50E3 /* Build configuration list for PBXProject "BookingLayout" */;
			compatibilityVersion = "Xcode 9.3";
			developmentRegion = en;
			hasScannedForEncodings = 0;
			knownRegions = (
				en,
				Base,
			);
			mainGroup = 797AD59E2127E496006D50E3;
			productRefGroup = 797AD5A82127E496006D50E3 /* Products */;
			projectDirPath = "";
			projectRoot = "";
			targets = (
				797AD5A62127E496006D50E3 /* BookingLayout */,
			);
		};
/* End PBXProject section */

/* Begin PBXResourcesBuildPhase section */
		797AD5A52127E496006D50E3 /* Resources */ = {
			isa = PBXResourcesBuildPhase;
			buildActionMask = 2147483647;
			files = (
				797AD5B52127E49A006D50E3 /* LaunchScreen.storyboard in Resources */,
				797AD5B22127E49A006D50E3 /* Assets.xcassets in Resources */,
				797AD5B02127E497006D50E3 /* Main.storyboard in Resources */,
			);
			runOnlyForDeploymentPostprocessing = 0;
		};
/* End PBXResourcesBuildPhase section */

/* Begin PBXShellScriptBuildPhase section */
		0E62A621764D9A1CAD8CA525 /* [CP] Embed Pods Frameworks */ = {
			isa = PBXShellScriptBuildPhase;
			buildActionMask = 2147483647;
			files = (
			);
			inputPaths = (
				"${SRCROOT}/Pods/Target Support Files/Pods-BookingLayout/Pods-BookingLayout-frameworks.sh",
				"${BUILT_PRODUCTS_DIR}/SnapKit/SnapKit.framework",
			);
			name = "[CP] Embed Pods Frameworks";
			outputPaths = (
				"${TARGET_BUILD_DIR}/${FRAMEWORKS_FOLDER_PATH}/SnapKit.framework",
			);
			runOnlyForDeploymentPostprocessing = 0;
			shellPath = /bin/sh;
			shellScript = "\"${SRCROOT}/Pods/Target Support Files/Pods-BookingLayout/Pods-BookingLayout-frameworks.sh\"\n";
			showEnvVarsInLog = 0;
		};
		2F06658D5D5427D45C15F49C /* [CP] Check Pods Manifest.lock */ = {
			isa = PBXShellScriptBuildPhase;
			buildActionMask = 2147483647;
			files = (
			);
			inputPaths = (
				"${PODS_PODFILE_DIR_PATH}/Podfile.lock",
				"${PODS_ROOT}/Manifest.lock",
			);
			name = "[CP] Check Pods Manifest.lock";
			outputPaths = (
				"$(DERIVED_FILE_DIR)/Pods-BookingLayout-checkManifestLockResult.txt",
			);
			runOnlyForDeploymentPostprocessing = 0;
			shellPath = /bin/sh;
			shellScript = "diff \"${PODS_PODFILE_DIR_PATH}/Podfile.lock\" \"${PODS_ROOT}/Manifest.lock\" > /dev/null\nif [ $? != 0 ] ; then\n    # print error to STDERR\n    echo \"error: The sandbox is not in sync with the Podfile.lock. Run 'pod install' or update your CocoaPods installation.\" >&2\n    exit 1\nfi\n# This output is used by Xcode 'outputs' to avoid re-running this script phase.\necho \"SUCCESS\" > \"${SCRIPT_OUTPUT_FILE_0}\"\n";
			showEnvVarsInLog = 0;
		};
/* End PBXShellScriptBuildPhase section */

/* Begin PBXSourcesBuildPhase section */
		797AD5A32127E496006D50E3 /* Sources */ = {
			isa = PBXSourcesBuildPhase;
			buildActionMask = 2147483647;
			files = (
				797AD5AD2127E497006D50E3 /* ViewController.swift in Sources */,
				793CCB24212D54BF005D07F5 /* AppType.swift in Sources */,
				797AD5AB2127E496006D50E3 /* AppDelegate.swift in Sources */,
			);
			runOnlyForDeploymentPostprocessing = 0;
		};
/* End PBXSourcesBuildPhase section */

/* Begin PBXVariantGroup section */
		797AD5AE2127E497006D50E3 /* Main.storyboard */ = {
			isa = PBXVariantGroup;
			children = (
				797AD5AF2127E497006D50E3 /* Base */,
			);
			name = Main.storyboard;
			sourceTree = "<group>";
		};
		797AD5B32127E49A006D50E3 /* LaunchScreen.storyboard */ = {
			isa = PBXVariantGroup;
			children = (
				797AD5B42127E49A006D50E3 /* Base */,
			);
			name = LaunchScreen.storyboard;
			sourceTree = "<group>";
		};
/* End PBXVariantGroup section */

/* Begin XCBuildConfiguration section */
		793CCB1F212D1E20005D07F5 /* Debug Pro */ = {
			isa = XCBuildConfiguration;
			buildSettings = {
				ALWAYS_SEARCH_USER_PATHS = NO;
				CLANG_ANALYZER_NONNULL = YES;
				CLANG_ANALYZER_NUMBER_OBJECT_CONVERSION = YES_AGGRESSIVE;
				CLANG_CXX_LANGUAGE_STANDARD = "gnu++14";
				CLANG_CXX_LIBRARY = "libc++";
				CLANG_ENABLE_MODULES = YES;
				CLANG_ENABLE_OBJC_ARC = YES;
				CLANG_ENABLE_OBJC_WEAK = YES;
				CLANG_WARN_BLOCK_CAPTURE_AUTORELEASING = YES;
				CLANG_WARN_BOOL_CONVERSION = YES;
				CLANG_WARN_COMMA = YES;
				CLANG_WARN_CONSTANT_CONVERSION = YES;
				CLANG_WARN_DEPRECATED_OBJC_IMPLEMENTATIONS = YES;
				CLANG_WARN_DIRECT_OBJC_ISA_USAGE = YES_ERROR;
				CLANG_WARN_DOCUMENTATION_COMMENTS = YES;
				CLANG_WARN_EMPTY_BODY = YES;
				CLANG_WARN_ENUM_CONVERSION = YES;
				CLANG_WARN_INFINITE_RECURSION = YES;
				CLANG_WARN_INT_CONVERSION = YES;
				CLANG_WARN_NON_LITERAL_NULL_CONVERSION = YES;
				CLANG_WARN_OBJC_IMPLICIT_RETAIN_SELF = YES;
				CLANG_WARN_OBJC_LITERAL_CONVERSION = YES;
				CLANG_WARN_OBJC_ROOT_CLASS = YES_ERROR;
				CLANG_WARN_RANGE_LOOP_ANALYSIS = YES;
				CLANG_WARN_STRICT_PROTOTYPES = YES;
				CLANG_WARN_SUSPICIOUS_MOVE = YES;
				CLANG_WARN_UNGUARDED_AVAILABILITY = YES_AGGRESSIVE;
				CLANG_WARN_UNREACHABLE_CODE = YES;
				CLANG_WARN__DUPLICATE_METHOD_MATCH = YES;
				CODE_SIGN_IDENTITY = "iPhone Developer";
				COPY_PHASE_STRIP = NO;
				DEBUG_INFORMATION_FORMAT = dwarf;
				ENABLE_STRICT_OBJC_MSGSEND = YES;
				ENABLE_TESTABILITY = YES;
				GCC_C_LANGUAGE_STANDARD = gnu11;
				GCC_DYNAMIC_NO_PIC = NO;
				GCC_NO_COMMON_BLOCKS = YES;
				GCC_OPTIMIZATION_LEVEL = 0;
				GCC_PREPROCESSOR_DEFINITIONS = (
					"DEBUG=1",
					"$(inherited)",
				);
				GCC_WARN_64_TO_32_BIT_CONVERSION = YES;
				GCC_WARN_ABOUT_RETURN_TYPE = YES_ERROR;
				GCC_WARN_UNDECLARED_SELECTOR = YES;
				GCC_WARN_UNINITIALIZED_AUTOS = YES_AGGRESSIVE;
				GCC_WARN_UNUSED_FUNCTION = YES;
				GCC_WARN_UNUSED_VARIABLE = YES;
				IPHONEOS_DEPLOYMENT_TARGET = 11.4;
				MTL_ENABLE_DEBUG_INFO = YES;
				ONLY_ACTIVE_ARCH = YES;
				SDKROOT = iphoneos;
				SWIFT_ACTIVE_COMPILATION_CONDITIONS = DEBUG;
				SWIFT_OPTIMIZATION_LEVEL = "-Onone";
			};
			name = "Debug Pro";
		};
		793CCB20212D1E20005D07F5 /* Debug Pro */ = {
			isa = XCBuildConfiguration;
			baseConfigurationReference = B0EF7B4574D9A955048E226D /* Pods-BookingLayout.debug pro.xcconfig */;
			buildSettings = {
				ASSETCATALOG_COMPILER_APPICON_NAME = "AppIcon$(BUNDLE_ID_SUFFIX)";
				BUNDLE_DISPLAY_NAME = "Booking App Pro";
				BUNDLE_ID_SUFFIX = .pro;
				CODE_SIGN_STYLE = Automatic;
				DEVELOPMENT_TEAM = KP79W26TNA;
				INFOPLIST_FILE = BookingLayout/Info.plist;
				LD_RUNPATH_SEARCH_PATHS = (
					"$(inherited)",
					"@executable_path/Frameworks",
				);
				PRODUCT_BUNDLE_IDENTIFIER = "com.projectbox.BookingLayout$(BUNDLE_ID_SUFFIX)";
				PRODUCT_NAME = "$(BUNDLE_DISPLAY_NAME)";
				SWIFT_VERSION = 4.0;
				TARGETED_DEVICE_FAMILY = "1,2";
			};
			name = "Debug Pro";
		};
		793CCB21212D1E30005D07F5 /* Release Pro */ = {
			isa = XCBuildConfiguration;
			buildSettings = {
				ALWAYS_SEARCH_USER_PATHS = NO;
				CLANG_ANALYZER_NONNULL = YES;
				CLANG_ANALYZER_NUMBER_OBJECT_CONVERSION = YES_AGGRESSIVE;
				CLANG_CXX_LANGUAGE_STANDARD = "gnu++14";
				CLANG_CXX_LIBRARY = "libc++";
				CLANG_ENABLE_MODULES = YES;
				CLANG_ENABLE_OBJC_ARC = YES;
				CLANG_ENABLE_OBJC_WEAK = YES;
				CLANG_WARN_BLOCK_CAPTURE_AUTORELEASING = YES;
				CLANG_WARN_BOOL_CONVERSION = YES;
				CLANG_WARN_COMMA = YES;
				CLANG_WARN_CONSTANT_CONVERSION = YES;
				CLANG_WARN_DEPRECATED_OBJC_IMPLEMENTATIONS = YES;
				CLANG_WARN_DIRECT_OBJC_ISA_USAGE = YES_ERROR;
				CLANG_WARN_DOCUMENTATION_COMMENTS = YES;
				CLANG_WARN_EMPTY_BODY = YES;
				CLANG_WARN_ENUM_CONVERSION = YES;
				CLANG_WARN_INFINITE_RECURSION = YES;
				CLANG_WARN_INT_CONVERSION = YES;
				CLANG_WARN_NON_LITERAL_NULL_CONVERSION = YES;
				CLANG_WARN_OBJC_IMPLICIT_RETAIN_SELF = YES;
				CLANG_WARN_OBJC_LITERAL_CONVERSION = YES;
				CLANG_WARN_OBJC_ROOT_CLASS = YES_ERROR;
				CLANG_WARN_RANGE_LOOP_ANALYSIS = YES;
				CLANG_WARN_STRICT_PROTOTYPES = YES;
				CLANG_WARN_SUSPICIOUS_MOVE = YES;
				CLANG_WARN_UNGUARDED_AVAILABILITY = YES_AGGRESSIVE;
				CLANG_WARN_UNREACHABLE_CODE = YES;
				CLANG_WARN__DUPLICATE_METHOD_MATCH = YES;
				CODE_SIGN_IDENTITY = "iPhone Developer";
				COPY_PHASE_STRIP = NO;
				DEBUG_INFORMATION_FORMAT = "dwarf-with-dsym";
				ENABLE_NS_ASSERTIONS = NO;
				ENABLE_STRICT_OBJC_MSGSEND = YES;
				GCC_C_LANGUAGE_STANDARD = gnu11;
				GCC_NO_COMMON_BLOCKS = YES;
				GCC_WARN_64_TO_32_BIT_CONVERSION = YES;
				GCC_WARN_ABOUT_RETURN_TYPE = YES_ERROR;
				GCC_WARN_UNDECLARED_SELECTOR = YES;
				GCC_WARN_UNINITIALIZED_AUTOS = YES_AGGRESSIVE;
				GCC_WARN_UNUSED_FUNCTION = YES;
				GCC_WARN_UNUSED_VARIABLE = YES;
				IPHONEOS_DEPLOYMENT_TARGET = 11.4;
				MTL_ENABLE_DEBUG_INFO = NO;
				SDKROOT = iphoneos;
				SWIFT_COMPILATION_MODE = wholemodule;
				SWIFT_OPTIMIZATION_LEVEL = "-O";
				VALIDATE_PRODUCT = YES;
			};
			name = "Release Pro";
		};
		793CCB22212D1E30005D07F5 /* Release Pro */ = {
			isa = XCBuildConfiguration;
			baseConfigurationReference = 29EE44557B507394BF5FA93C /* Pods-BookingLayout.release pro.xcconfig */;
			buildSettings = {
				ASSETCATALOG_COMPILER_APPICON_NAME = "AppIcon$(BUNDLE_ID_SUFFIX)";
				BUNDLE_DISPLAY_NAME = "Booking App Pro";
				BUNDLE_ID_SUFFIX = .pro;
				CODE_SIGN_STYLE = Automatic;
				DEVELOPMENT_TEAM = KP79W26TNA;
				INFOPLIST_FILE = BookingLayout/Info.plist;
				LD_RUNPATH_SEARCH_PATHS = (
					"$(inherited)",
					"@executable_path/Frameworks",
				);
				PRODUCT_BUNDLE_IDENTIFIER = "com.projectbox.BookingLayout$(BUNDLE_ID_SUFFIX)";
				PRODUCT_NAME = "$(BUNDLE_DISPLAY_NAME)";
				SWIFT_VERSION = 4.0;
				TARGETED_DEVICE_FAMILY = "1,2";
			};
			name = "Release Pro";
		};
		797AD5B72127E49A006D50E3 /* Debug */ = {
			isa = XCBuildConfiguration;
			buildSettings = {
				ALWAYS_SEARCH_USER_PATHS = NO;
				CLANG_ANALYZER_NONNULL = YES;
				CLANG_ANALYZER_NUMBER_OBJECT_CONVERSION = YES_AGGRESSIVE;
				CLANG_CXX_LANGUAGE_STANDARD = "gnu++14";
				CLANG_CXX_LIBRARY = "libc++";
				CLANG_ENABLE_MODULES = YES;
				CLANG_ENABLE_OBJC_ARC = YES;
				CLANG_ENABLE_OBJC_WEAK = YES;
				CLANG_WARN_BLOCK_CAPTURE_AUTORELEASING = YES;
				CLANG_WARN_BOOL_CONVERSION = YES;
				CLANG_WARN_COMMA = YES;
				CLANG_WARN_CONSTANT_CONVERSION = YES;
				CLANG_WARN_DEPRECATED_OBJC_IMPLEMENTATIONS = YES;
				CLANG_WARN_DIRECT_OBJC_ISA_USAGE = YES_ERROR;
				CLANG_WARN_DOCUMENTATION_COMMENTS = YES;
				CLANG_WARN_EMPTY_BODY = YES;
				CLANG_WARN_ENUM_CONVERSION = YES;
				CLANG_WARN_INFINITE_RECURSION = YES;
				CLANG_WARN_INT_CONVERSION = YES;
				CLANG_WARN_NON_LITERAL_NULL_CONVERSION = YES;
				CLANG_WARN_OBJC_IMPLICIT_RETAIN_SELF = YES;
				CLANG_WARN_OBJC_LITERAL_CONVERSION = YES;
				CLANG_WARN_OBJC_ROOT_CLASS = YES_ERROR;
				CLANG_WARN_RANGE_LOOP_ANALYSIS = YES;
				CLANG_WARN_STRICT_PROTOTYPES = YES;
				CLANG_WARN_SUSPICIOUS_MOVE = YES;
				CLANG_WARN_UNGUARDED_AVAILABILITY = YES_AGGRESSIVE;
				CLANG_WARN_UNREACHABLE_CODE = YES;
				CLANG_WARN__DUPLICATE_METHOD_MATCH = YES;
				CODE_SIGN_IDENTITY = "iPhone Developer";
				COPY_PHASE_STRIP = NO;
				DEBUG_INFORMATION_FORMAT = dwarf;
				ENABLE_STRICT_OBJC_MSGSEND = YES;
				ENABLE_TESTABILITY = YES;
				GCC_C_LANGUAGE_STANDARD = gnu11;
				GCC_DYNAMIC_NO_PIC = NO;
				GCC_NO_COMMON_BLOCKS = YES;
				GCC_OPTIMIZATION_LEVEL = 0;
				GCC_PREPROCESSOR_DEFINITIONS = (
					"DEBUG=1",
					"$(inherited)",
				);
				GCC_WARN_64_TO_32_BIT_CONVERSION = YES;
				GCC_WARN_ABOUT_RETURN_TYPE = YES_ERROR;
				GCC_WARN_UNDECLARED_SELECTOR = YES;
				GCC_WARN_UNINITIALIZED_AUTOS = YES_AGGRESSIVE;
				GCC_WARN_UNUSED_FUNCTION = YES;
				GCC_WARN_UNUSED_VARIABLE = YES;
				IPHONEOS_DEPLOYMENT_TARGET = 11.4;
				MTL_ENABLE_DEBUG_INFO = YES;
				ONLY_ACTIVE_ARCH = YES;
				SDKROOT = iphoneos;
				SWIFT_ACTIVE_COMPILATION_CONDITIONS = DEBUG;
				SWIFT_OPTIMIZATION_LEVEL = "-Onone";
			};
			name = Debug;
		};
		797AD5B82127E49A006D50E3 /* Release */ = {
			isa = XCBuildConfiguration;
			buildSettings = {
				ALWAYS_SEARCH_USER_PATHS = NO;
				CLANG_ANALYZER_NONNULL = YES;
				CLANG_ANALYZER_NUMBER_OBJECT_CONVERSION = YES_AGGRESSIVE;
				CLANG_CXX_LANGUAGE_STANDARD = "gnu++14";
				CLANG_CXX_LIBRARY = "libc++";
				CLANG_ENABLE_MODULES = YES;
				CLANG_ENABLE_OBJC_ARC = YES;
				CLANG_ENABLE_OBJC_WEAK = YES;
				CLANG_WARN_BLOCK_CAPTURE_AUTORELEASING = YES;
				CLANG_WARN_BOOL_CONVERSION = YES;
				CLANG_WARN_COMMA = YES;
				CLANG_WARN_CONSTANT_CONVERSION = YES;
				CLANG_WARN_DEPRECATED_OBJC_IMPLEMENTATIONS = YES;
				CLANG_WARN_DIRECT_OBJC_ISA_USAGE = YES_ERROR;
				CLANG_WARN_DOCUMENTATION_COMMENTS = YES;
				CLANG_WARN_EMPTY_BODY = YES;
				CLANG_WARN_ENUM_CONVERSION = YES;
				CLANG_WARN_INFINITE_RECURSION = YES;
				CLANG_WARN_INT_CONVERSION = YES;
				CLANG_WARN_NON_LITERAL_NULL_CONVERSION = YES;
				CLANG_WARN_OBJC_IMPLICIT_RETAIN_SELF = YES;
				CLANG_WARN_OBJC_LITERAL_CONVERSION = YES;
				CLANG_WARN_OBJC_ROOT_CLASS = YES_ERROR;
				CLANG_WARN_RANGE_LOOP_ANALYSIS = YES;
				CLANG_WARN_STRICT_PROTOTYPES = YES;
				CLANG_WARN_SUSPICIOUS_MOVE = YES;
				CLANG_WARN_UNGUARDED_AVAILABILITY = YES_AGGRESSIVE;
				CLANG_WARN_UNREACHABLE_CODE = YES;
				CLANG_WARN__DUPLICATE_METHOD_MATCH = YES;
				CODE_SIGN_IDENTITY = "iPhone Developer";
				COPY_PHASE_STRIP = NO;
				DEBUG_INFORMATION_FORMAT = "dwarf-with-dsym";
				ENABLE_NS_ASSERTIONS = NO;
				ENABLE_STRICT_OBJC_MSGSEND = YES;
				GCC_C_LANGUAGE_STANDARD = gnu11;
				GCC_NO_COMMON_BLOCKS = YES;
				GCC_WARN_64_TO_32_BIT_CONVERSION = YES;
				GCC_WARN_ABOUT_RETURN_TYPE = YES_ERROR;
				GCC_WARN_UNDECLARED_SELECTOR = YES;
				GCC_WARN_UNINITIALIZED_AUTOS = YES_AGGRESSIVE;
				GCC_WARN_UNUSED_FUNCTION = YES;
				GCC_WARN_UNUSED_VARIABLE = YES;
				IPHONEOS_DEPLOYMENT_TARGET = 11.4;
				MTL_ENABLE_DEBUG_INFO = NO;
				SDKROOT = iphoneos;
				SWIFT_COMPILATION_MODE = wholemodule;
				SWIFT_OPTIMIZATION_LEVEL = "-O";
				VALIDATE_PRODUCT = YES;
			};
			name = Release;
		};
		797AD5BA2127E49A006D50E3 /* Debug */ = {
			isa = XCBuildConfiguration;
			baseConfigurationReference = EB73F0DC116D936371919D1D /* Pods-BookingLayout.debug.xcconfig */;
			buildSettings = {
				ASSETCATALOG_COMPILER_APPICON_NAME = "AppIcon$(BUNDLE_ID_SUFFIX)";
				BUNDLE_DISPLAY_NAME = "Booking App";
				BUNDLE_ID_SUFFIX = "";
				CODE_SIGN_STYLE = Automatic;
				DEVELOPMENT_TEAM = KP79W26TNA;
				INFOPLIST_FILE = BookingLayout/Info.plist;
				LD_RUNPATH_SEARCH_PATHS = (
					"$(inherited)",
					"@executable_path/Frameworks",
				);
				PRODUCT_BUNDLE_IDENTIFIER = "com.projectbox.BookingLayout$(BUNDLE_ID_SUFFIX)";
				PRODUCT_NAME = "$(BUNDLE_DISPLAY_NAME)";
				SWIFT_VERSION = 4.0;
				TARGETED_DEVICE_FAMILY = "1,2";
			};
			name = Debug;
		};
		797AD5BB2127E49A006D50E3 /* Release */ = {
			isa = XCBuildConfiguration;
			baseConfigurationReference = 6AA2D57AE728808170F3ACF8 /* Pods-BookingLayout.release.xcconfig */;
			buildSettings = {
				ASSETCATALOG_COMPILER_APPICON_NAME = "AppIcon$(BUNDLE_ID_SUFFIX)";
				BUNDLE_DISPLAY_NAME = "Booking App";
				BUNDLE_ID_SUFFIX = "";
				CODE_SIGN_STYLE = Automatic;
				DEVELOPMENT_TEAM = KP79W26TNA;
				INFOPLIST_FILE = BookingLayout/Info.plist;
				LD_RUNPATH_SEARCH_PATHS = (
					"$(inherited)",
					"@executable_path/Frameworks",
				);
				PRODUCT_BUNDLE_IDENTIFIER = "com.projectbox.BookingLayout$(BUNDLE_ID_SUFFIX)";
				PRODUCT_NAME = "$(BUNDLE_DISPLAY_NAME)";
				SWIFT_VERSION = 4.0;
				TARGETED_DEVICE_FAMILY = "1,2";
			};
			name = Release;
		};
/* End XCBuildConfiguration section */

/* Begin XCConfigurationList section */
		797AD5A22127E496006D50E3 /* Build configuration list for PBXProject "BookingLayout" */ = {
			isa = XCConfigurationList;
			buildConfigurations = (
				797AD5B72127E49A006D50E3 /* Debug */,
				793CCB1F212D1E20005D07F5 /* Debug Pro */,
				797AD5B82127E49A006D50E3 /* Release */,
				793CCB21212D1E30005D07F5 /* Release Pro */,
			);
			defaultConfigurationIsVisible = 0;
			defaultConfigurationName = Release;
		};
		797AD5B92127E49A006D50E3 /* Build configuration list for PBXNativeTarget "BookingLayout" */ = {
			isa = XCConfigurationList;
			buildConfigurations = (
				797AD5BA2127E49A006D50E3 /* Debug */,
				793CCB20212D1E20005D07F5 /* Debug Pro */,
				797AD5BB2127E49A006D50E3 /* Release */,
				793CCB22212D1E30005D07F5 /* Release Pro */,
			);
			defaultConfigurationIsVisible = 0;
			defaultConfigurationName = Release;
		};
/* End XCConfigurationList section */
	};
	rootObject = 797AD59F2127E496006D50E3 /* Project object */;
}
